// !$*UTF8*$!
{
	archiveVersion = 1;
	classes = {
	};
	objectVersion = 48;
	objects = {

/* Begin PBXBuildFile section */
		2D846A851F750DD700FAB0C3 /* ViewController.swift in Sources */ = {isa = PBXBuildFile; fileRef = 2D846A7F1F750DD700FAB0C3 /* ViewController.swift */; };
		2D846A861F750DD700FAB0C3 /* AppDelegate.swift in Sources */ = {isa = PBXBuildFile; fileRef = 2D846A821F750DD700FAB0C3 /* AppDelegate.swift */; };
		2D846A881F750EB900FAB0C3 /* Convenient.swift in Sources */ = {isa = PBXBuildFile; fileRef = 2D846A871F750EB900FAB0C3 /* Convenient.swift */; };
		2D846A8A1F750F1000FAB0C3 /* AppConstant.swift in Sources */ = {isa = PBXBuildFile; fileRef = 2D846A891F750F0F00FAB0C3 /* AppConstant.swift */; };
/* End PBXBuildFile section */

/* Begin PBXFileReference section */
		2D846A561F750D2300FAB0C3 /* Template Projects.app */ = {isa = PBXFileReference; explicitFileType = wrapper.application; includeInIndex = 0; path = "Template Projects.app"; sourceTree = BUILT_PRODUCTS_DIR; };
		2D846A6D1F750DD700FAB0C3 /* Info.plist */ = {isa = PBXFileReference; fileEncoding = 4; lastKnownFileType = text.plist.xml; path = Info.plist; sourceTree = "<group>"; };
		2D846A711F750DD700FAB0C3 /* Assets.xcassets */ = {isa = PBXFileReference; lastKnownFileType = folder.assetcatalog; path = Assets.xcassets; sourceTree = "<group>"; };
		2D846A7F1F750DD700FAB0C3 /* ViewController.swift */ = {isa = PBXFileReference; fileEncoding = 4; lastKnownFileType = sourcecode.swift; path = ViewController.swift; sourceTree = "<group>"; };
		2D846A821F750DD700FAB0C3 /* AppDelegate.swift */ = {isa = PBXFileReference; fileEncoding = 4; lastKnownFileType = sourcecode.swift; path = AppDelegate.swift; sourceTree = "<group>"; };
		2D846A871F750EB900FAB0C3 /* Convenient.swift */ = {isa = PBXFileReference; fileEncoding = 4; lastKnownFileType = sourcecode.swift; path = Convenient.swift; sourceTree = "<group>"; };
		2D846A891F750F0F00FAB0C3 /* AppConstant.swift */ = {isa = PBXFileReference; lastKnownFileType = sourcecode.swift; path = AppConstant.swift; sourceTree = "<group>"; };
/* End PBXFileReference section */

/* Begin PBXFrameworksBuildPhase section */
		2D846A531F750D2300FAB0C3 /* Frameworks */ = {
			isa = PBXFrameworksBuildPhase;
			buildActionMask = 2147483647;
			files = (
			);
			runOnlyForDeploymentPostprocessing = 0;
		};
/* End PBXFrameworksBuildPhase section */

/* Begin PBXGroup section */
		2D846A4D1F750D2300FAB0C3 = {
			isa = PBXGroup;
			children = (
				2D846A581F750D2300FAB0C3 /* Template Projects */,
				2D846A571F750D2300FAB0C3 /* Products */,
			);
			sourceTree = "<group>";
		};
		2D846A571F750D2300FAB0C3 /* Products */ = {
			isa = PBXGroup;
			children = (
				2D846A561F750D2300FAB0C3 /* Template Projects.app */,
			);
			name = Products;
			sourceTree = "<group>";
		};
		2D846A581F750D2300FAB0C3 /* Template Projects */ = {
			isa = PBXGroup;
			children = (
				2D846A811F750DD700FAB0C3 /* AppDelegate */,
				2D846A741F750DD700FAB0C3 /* Classes */,
				2D846A6B1F750DD700FAB0C3 /* Support Files */,
			);
			path = "Template Projects";
			sourceTree = "<group>";
		};
		2D846A6B1F750DD700FAB0C3 /* Support Files */ = {
			isa = PBXGroup;
			children = (
				2D846A6C1F750DD700FAB0C3 /* Configuration */,
				2D846A6E1F750DD700FAB0C3 /* Resource */,
			);
			path = "Support Files";
			sourceTree = "<group>";
		};
		2D846A6C1F750DD700FAB0C3 /* Configuration */ = {
			isa = PBXGroup;
			children = (
				2D846A6D1F750DD700FAB0C3 /* Info.plist */,
			);
			path = Configuration;
			sourceTree = "<group>";
		};
		2D846A6E1F750DD700FAB0C3 /* Resource */ = {
			isa = PBXGroup;
			children = (
				2D846A6F1F750DD700FAB0C3 /* Fonts */,
				2D846A701F750DD700FAB0C3 /* Images */,
				2D846A721F750DD700FAB0C3 /* Sounds */,
				2D846A731F750DD700FAB0C3 /* Videos */,
			);
			path = Resource;
			sourceTree = "<group>";
		};
		2D846A6F1F750DD700FAB0C3 /* Fonts */ = {
			isa = PBXGroup;
			children = (
			);
			path = Fonts;
			sourceTree = "<group>";
		};
		2D846A701F750DD700FAB0C3 /* Images */ = {
			isa = PBXGroup;
			children = (
				2D846A711F750DD700FAB0C3 /* Assets.xcassets */,
			);
			path = Images;
			sourceTree = "<group>";
		};
		2D846A721F750DD700FAB0C3 /* Sounds */ = {
			isa = PBXGroup;
			children = (
			);
			path = Sounds;
			sourceTree = "<group>";
		};
		2D846A731F750DD700FAB0C3 /* Videos */ = {
			isa = PBXGroup;
			children = (
			);
			path = Videos;
			sourceTree = "<group>";
		};
		2D846A741F750DD700FAB0C3 /* Classes */ = {
			isa = PBXGroup;
			children = (
				2D846A751F750DD700FAB0C3 /* General */,
				2D846A7C1F750DD700FAB0C3 /* Helpers */,
				2D846A7D1F750DD700FAB0C3 /* Macro */,
				2D846A7E1F750DD700FAB0C3 /* Sections */,
				2D846A801F750DD700FAB0C3 /* Vendors */,
			);
			path = Classes;
			sourceTree = "<group>";
		};
		2D846A751F750DD700FAB0C3 /* General */ = {
			isa = PBXGroup;
			children = (
				2D846A761F750DD700FAB0C3 /* Base */,
				2D846A771F750DD700FAB0C3 /* Categories */,
				2D846A781F750DD700FAB0C3 /* Core */,
				2D846A791F750DD700FAB0C3 /* Entities */,
				2D846A7A1F750DD700FAB0C3 /* Public */,
				2D846A7B1F750DD700FAB0C3 /* Views */,
			);
			path = General;
			sourceTree = "<group>";
		};
		2D846A761F750DD700FAB0C3 /* Base */ = {
			isa = PBXGroup;
			children = (
			);
			path = Base;
			sourceTree = "<group>";
		};
		2D846A771F750DD700FAB0C3 /* Categories */ = {
			isa = PBXGroup;
			children = (
			);
			path = Categories;
			sourceTree = "<group>";
		};
		2D846A781F750DD700FAB0C3 /* Core */ = {
			isa = PBXGroup;
			children = (
			);
			path = Core;
			sourceTree = "<group>";
		};
		2D846A791F750DD700FAB0C3 /* Entities */ = {
			isa = PBXGroup;
			children = (
			);
			path = Entities;
			sourceTree = "<group>";
		};
		2D846A7A1F750DD700FAB0C3 /* Public */ = {
			isa = PBXGroup;
			children = (
			);
			path = Public;
			sourceTree = "<group>";
		};
		2D846A7B1F750DD700FAB0C3 /* Views */ = {
			isa = PBXGroup;
			children = (
			);
			path = Views;
			sourceTree = "<group>";
		};
		2D846A7C1F750DD700FAB0C3 /* Helpers */ = {
			isa = PBXGroup;
			children = (
			);
			path = Helpers;
			sourceTree = "<group>";
		};
		2D846A7D1F750DD700FAB0C3 /* Macro */ = {
			isa = PBXGroup;
			children = (
				2D846A891F750F0F00FAB0C3 /* AppConstant.swift */,
				2D846A871F750EB900FAB0C3 /* Convenient.swift */,
			);
			path = Macro;
			sourceTree = "<group>";
		};
		2D846A7E1F750DD700FAB0C3 /* Sections */ = {
			isa = PBXGroup;
			children = (
				2D846A7F1F750DD700FAB0C3 /* ViewController.swift */,
			);
			path = Sections;
			sourceTree = "<group>";
		};
		2D846A801F750DD700FAB0C3 /* Vendors */ = {
			isa = PBXGroup;
			children = (
			);
			path = Vendors;
			sourceTree = "<group>";
		};
		2D846A811F750DD700FAB0C3 /* AppDelegate */ = {
			isa = PBXGroup;
			children = (
				2D846A821F750DD700FAB0C3 /* AppDelegate.swift */,
			);
			path = AppDelegate;
			sourceTree = "<group>";
		};
/* End PBXGroup section */

/* Begin PBXNativeTarget section */
		2D846A551F750D2300FAB0C3 /* Template Projects */ = {
			isa = PBXNativeTarget;
			buildConfigurationList = 2D846A681F750D2300FAB0C3 /* Build configuration list for PBXNativeTarget "Template Projects" */;
			buildPhases = (
				2D846A521F750D2300FAB0C3 /* Sources */,
				2D846A531F750D2300FAB0C3 /* Frameworks */,
				2D846A541F750D2300FAB0C3 /* Resources */,
			);
			buildRules = (
			);
			dependencies = (
			);
			name = "Template Projects";
			productName = "Template Projects";
			productReference = 2D846A561F750D2300FAB0C3 /* Template Projects.app */;
			productType = "com.apple.product-type.application";
		};
/* End PBXNativeTarget section */

/* Begin PBXProject section */
		2D846A4E1F750D2300FAB0C3 /* Project object */ = {
			isa = PBXProject;
			attributes = {
				LastSwiftUpdateCheck = 0900;
				LastUpgradeCheck = 0900;
				ORGANIZATIONNAME = "北京智见互联科技有限公司";
				TargetAttributes = {
					2D846A551F750D2300FAB0C3 = {
						CreatedOnToolsVersion = 9.0;
						ProvisioningStyle = Automatic;
					};
				};
			};
			buildConfigurationList = 2D846A511F750D2300FAB0C3 /* Build configuration list for PBXProject "Template Projects" */;
			compatibilityVersion = "Xcode 8.0";
			developmentRegion = en;
			hasScannedForEncodings = 0;
			knownRegions = (
				en,
				Base,
			);
			mainGroup = 2D846A4D1F750D2300FAB0C3;
			productRefGroup = 2D846A571F750D2300FAB0C3 /* Products */;
			projectDirPath = "";
			projectRoot = "";
			targets = (
				2D846A551F750D2300FAB0C3 /* Template Projects */,
			);
		};
/* End PBXProject section */

/* Begin PBXResourcesBuildPhase section */
		2D846A541F750D2300FAB0C3 /* Resources */ = {
			isa = PBXResourcesBuildPhase;
			buildActionMask = 2147483647;
			files = (
			);
			runOnlyForDeploymentPostprocessing = 0;
		};
/* End PBXResourcesBuildPhase section */

/* Begin PBXSourcesBuildPhase section */
		2D846A521F750D2300FAB0C3 /* Sources */ = {
			isa = PBXSourcesBuildPhase;
			buildActionMask = 2147483647;
			files = (
				2D846A861F750DD700FAB0C3 /* AppDelegate.swift in Sources */,
				2D846A881F750EB900FAB0C3 /* Convenient.swift in Sources */,
				2D846A851F750DD700FAB0C3 /* ViewController.swift in Sources */,
				2D846A8A1F750F1000FAB0C3 /* AppConstant.swift in Sources */,
			);
			runOnlyForDeploymentPostprocessing = 0;
		};
/* End PBXSourcesBuildPhase section */

/* Begin XCBuildConfiguration section */
		2D846A661F750D2300FAB0C3 /* Debug */ = {
			isa = XCBuildConfiguration;
			buildSettings = {
				ALWAYS_SEARCH_USER_PATHS = NO;
				CLANG_ANALYZER_NONNULL = YES;
				CLANG_ANALYZER_NUMBER_OBJECT_CONVERSION = YES_AGGRESSIVE;
				CLANG_CXX_LANGUAGE_STANDARD = "gnu++14";
				CLANG_CXX_LIBRARY = "libc++";
				CLANG_ENABLE_MODULES = YES;
				CLANG_ENABLE_OBJC_ARC = YES;
				CLANG_WARN_BLOCK_CAPTURE_AUTORELEASING = YES;
				CLANG_WARN_BOOL_CONVERSION = YES;
				CLANG_WARN_COMMA = YES;
				CLANG_WARN_CONSTANT_CONVERSION = YES;
				CLANG_WARN_DIRECT_OBJC_ISA_USAGE = YES_ERROR;
				CLANG_WARN_DOCUMENTATION_COMMENTS = YES;
				CLANG_WARN_EMPTY_BODY = YES;
				CLANG_WARN_ENUM_CONVERSION = YES;
				CLANG_WARN_INFINITE_RECURSION = YES;
				CLANG_WARN_INT_CONVERSION = YES;
				CLANG_WARN_NON_LITERAL_NULL_CONVERSION = YES;
				CLANG_WARN_OBJC_LITERAL_CONVERSION = YES;
				CLANG_WARN_OBJC_ROOT_CLASS = YES_ERROR;
				CLANG_WARN_RANGE_LOOP_ANALYSIS = YES;
				CLANG_WARN_STRICT_PROTOTYPES = YES;
				CLANG_WARN_SUSPICIOUS_MOVE = YES;
				CLANG_WARN_UNGUARDED_AVAILABILITY = YES_AGGRESSIVE;
				CLANG_WARN_UNREACHABLE_CODE = YES;
				CLANG_WARN__DUPLICATE_METHOD_MATCH = YES;
				CODE_SIGN_IDENTITY = "iPhone Developer";
				COPY_PHASE_STRIP = NO;
				DEBUG_INFORMATION_FORMAT = dwarf;
				ENABLE_STRICT_OBJC_MSGSEND = YES;
				ENABLE_TESTABILITY = YES;
				GCC_C_LANGUAGE_STANDARD = gnu11;
				GCC_DYNAMIC_NO_PIC = NO;
				GCC_NO_COMMON_BLOCKS = YES;
				GCC_OPTIMIZATION_LEVEL = 0;
				GCC_PREPROCESSOR_DEFINITIONS = (
					"DEBUG=1",
					"$(inherited)",
				);
				GCC_WARN_64_TO_32_BIT_CONVERSION = YES;
				GCC_WARN_ABOUT_RETURN_TYPE = YES_ERROR;
				GCC_WARN_UNDECLARED_SELECTOR = YES;
				GCC_WARN_UNINITIALIZED_AUTOS = YES_AGGRESSIVE;
				GCC_WARN_UNUSED_FUNCTION = YES;
				GCC_WARN_UNUSED_VARIABLE = YES;
				IPHONEOS_DEPLOYMENT_TARGET = 11.0;
				MTL_ENABLE_DEBUG_INFO = YES;
				ONLY_ACTIVE_ARCH = YES;
				SDKROOT = iphoneos;
				SWIFT_ACTIVE_COMPILATION_CONDITIONS = DEBUG;
				SWIFT_OPTIMIZATION_LEVEL = "-Onone";
			};
			name = Debug;
		};
		2D846A671F750D2300FAB0C3 /* Release */ = {
			isa = XCBuildConfiguration;
			buildSettings = {
				ALWAYS_SEARCH_USER_PATHS = NO;
				CLANG_ANALYZER_NONNULL = YES;
				CLANG_ANALYZER_NUMBER_OBJECT_CONVERSION = YES_AGGRESSIVE;
				CLANG_CXX_LANGUAGE_STANDARD = "gnu++14";
				CLANG_CXX_LIBRARY = "libc++";
				CLANG_ENABLE_MODULES = YES;
				CLANG_ENABLE_OBJC_ARC = YES;
				CLANG_WARN_BLOCK_CAPTURE_AUTORELEASING = YES;
				CLANG_WARN_BOOL_CONVERSION = YES;
				CLANG_WARN_COMMA = YES;
				CLANG_WARN_CONSTANT_CONVERSION = YES;
				CLANG_WARN_DIRECT_OBJC_ISA_USAGE = YES_ERROR;
				CLANG_WARN_DOCUMENTATION_COMMENTS = YES;
				CLANG_WARN_EMPTY_BODY = YES;
				CLANG_WARN_ENUM_CONVERSION = YES;
				CLANG_WARN_INFINITE_RECURSION = YES;
				CLANG_WARN_INT_CONVERSION = YES;
				CLANG_WARN_NON_LITERAL_NULL_CONVERSION = YES;
				CLANG_WARN_OBJC_LITERAL_CONVERSION = YES;
				CLANG_WARN_OBJC_ROOT_CLASS = YES_ERROR;
				CLANG_WARN_RANGE_LOOP_ANALYSIS = YES;
				CLANG_WARN_STRICT_PROTOTYPES = YES;
				CLANG_WARN_SUSPICIOUS_MOVE = YES;
				CLANG_WARN_UNGUARDED_AVAILABILITY = YES_AGGRESSIVE;
				CLANG_WARN_UNREACHABLE_CODE = YES;
				CLANG_WARN__DUPLICATE_METHOD_MATCH = YES;
				CODE_SIGN_IDENTITY = "iPhone Developer";
				COPY_PHASE_STRIP = NO;
				DEBUG_INFORMATION_FORMAT = "dwarf-with-dsym";
				ENABLE_NS_ASSERTIONS = NO;
				ENABLE_STRICT_OBJC_MSGSEND = YES;
				GCC_C_LANGUAGE_STANDARD = gnu11;
				GCC_NO_COMMON_BLOCKS = YES;
				GCC_WARN_64_TO_32_BIT_CONVERSION = YES;
				GCC_WARN_ABOUT_RETURN_TYPE = YES_ERROR;
				GCC_WARN_UNDECLARED_SELECTOR = YES;
				GCC_WARN_UNINITIALIZED_AUTOS = YES_AGGRESSIVE;
				GCC_WARN_UNUSED_FUNCTION = YES;
				GCC_WARN_UNUSED_VARIABLE = YES;
				IPHONEOS_DEPLOYMENT_TARGET = 11.0;
				MTL_ENABLE_DEBUG_INFO = NO;
				SDKROOT = iphoneos;
				SWIFT_OPTIMIZATION_LEVEL = "-Owholemodule";
				VALIDATE_PRODUCT = YES;
			};
			name = Release;
		};
		2D846A691F750D2300FAB0C3 /* Debug */ = {
			isa = XCBuildConfiguration;
			buildSettings = {
				ASSETCATALOG_COMPILER_APPICON_NAME = AppIcon;
				"CODE_SIGN_IDENTITY[sdk=iphoneos*]" = "iPhone Developer";
				CODE_SIGN_STYLE = Automatic;
				DEVELOPMENT_TEAM = XC769V9DQQ;
				INFOPLIST_FILE = "$(SRCROOT)/Template Projects/Support Files/Configuration/Info.plist";
				IPHONEOS_DEPLOYMENT_TARGET = 8.0;
				LD_RUNPATH_SEARCH_PATHS = "$(inherited) @executable_path/Frameworks";
				PRODUCT_BUNDLE_IDENTIFIER = "com.Nine.Template-Projects";
				PRODUCT_NAME = "$(TARGET_NAME)";
				PROVISIONING_PROFILE_SPECIFIER = "";
				SWIFT_VERSION = 4.0;
				TARGETED_DEVICE_FAMILY = 1;
			};
			name = Debug;
		};
		2D846A6A1F750D2300FAB0C3 /* Release */ = {
			isa = XCBuildConfiguration;
			buildSettings = {
				ASSETCATALOG_COMPILER_APPICON_NAME = AppIcon;
				"CODE_SIGN_IDENTITY[sdk=iphoneos*]" = "iPhone Developer";
				CODE_SIGN_STYLE = Automatic;
				DEVELOPMENT_TEAM = XC769V9DQQ;
				INFOPLIST_FILE = "$(SRCROOT)/Template Projects/Support Files/Configuration/Info.plist";
				IPHONEOS_DEPLOYMENT_TARGET = 8.0;
				LD_RUNPATH_SEARCH_PATHS = "$(inherited) @executable_path/Frameworks";
				PRODUCT_BUNDLE_IDENTIFIER = "com.Nine.Template-Projects";
				PRODUCT_NAME = "$(TARGET_NAME)";
				PROVISIONING_PROFILE_SPECIFIER = "";
				SWIFT_VERSION = 4.0;
				TARGETED_DEVICE_FAMILY = 1;
			};
			name = Release;
		};
/* End XCBuildConfiguration section */

/* Begin XCConfigurationList section */
		2D846A511F750D2300FAB0C3 /* Build configuration list for PBXProject "Template Projects" */ = {
			isa = XCConfigurationList;
			buildConfigurations = (
				2D846A661F750D2300FAB0C3 /* Debug */,
				2D846A671F750D2300FAB0C3 /* Release */,
			);
			defaultConfigurationIsVisible = 0;
			defaultConfigurationName = Release;
		};
		2D846A681F750D2300FAB0C3 /* Build configuration list for PBXNativeTarget "Template Projects" */ = {
			isa = XCConfigurationList;
			buildConfigurations = (
				2D846A691F750D2300FAB0C3 /* Debug */,
				2D846A6A1F750D2300FAB0C3 /* Release */,
			);
			defaultConfigurationIsVisible = 0;
			defaultConfigurationName = Release;
		};
/* End XCConfigurationList section */
	};
	rootObject = 2D846A4E1F750D2300FAB0C3 /* Project object */;
}
