// !$*UTF8*$!
{
	archiveVersion = 1;
	classes = {
	};
	objectVersion = 48;
	objects = {

/* Begin PBXBuildFile section */
		2D3623C81F8A6C96000C2BBA /* ViewController.swift in Sources */ = {isa = PBXBuildFile; fileRef = 2D3623C71F8A6C96000C2BBA /* ViewController.swift */; };
		2D3623CE1F8A75AD000C2BBA /* UserDefaults.swift in Sources */ = {isa = PBXBuildFile; fileRef = 2D3623CD1F8A75AD000C2BBA /* UserDefaults.swift */; };
		2D3623D01F8A790D000C2BBA /* Controller.swift in Sources */ = {isa = PBXBuildFile; fileRef = 2D3623CF1F8A790D000C2BBA /* Controller.swift */; };
		2D3623D21F8A7BAC000C2BBA /* BootController.swift in Sources */ = {isa = PBXBuildFile; fileRef = 2D3623D11F8A7BAC000C2BBA /* BootController.swift */; };
		2D846A861F750DD700FAB0C3 /* AppDelegate.swift in Sources */ = {isa = PBXBuildFile; fileRef = 2D846A821F750DD700FAB0C3 /* AppDelegate.swift */; };
		2D846A881F750EB900FAB0C3 /* Convenient.swift in Sources */ = {isa = PBXBuildFile; fileRef = 2D846A871F750EB900FAB0C3 /* Convenient.swift */; };
		2D846A8A1F750F1000FAB0C3 /* AppConstant.swift in Sources */ = {isa = PBXBuildFile; fileRef = 2D846A891F750F0F00FAB0C3 /* AppConstant.swift */; };
		2DA8AED31F78EBB400D47418 /* Support.swift in Sources */ = {isa = PBXBuildFile; fileRef = 2DA8AED21F78EBB400D47418 /* Support.swift */; };
		2DA8AED61F78EBFF00D47418 /* Net.swift in Sources */ = {isa = PBXBuildFile; fileRef = 2DA8AED51F78EBFF00D47418 /* Net.swift */; };
		F3FAA180EF6B998CDC97C953 /* Pods_Template_Projects.framework in Frameworks */ = {isa = PBXBuildFile; fileRef = BC8192CC828C0C259D51ACD8 /* Pods_Template_Projects.framework */; };
/* End PBXBuildFile section */

/* Begin PBXFileReference section */
		065475A329515841E3D47900 /* Pods-Template Projects.release.xcconfig */ = {isa = PBXFileReference; includeInIndex = 1; lastKnownFileType = text.xcconfig; name = "Pods-Template Projects.release.xcconfig"; path = "Pods/Target Support Files/Pods-Template Projects/Pods-Template Projects.release.xcconfig"; sourceTree = "<group>"; };
		2D3623C71F8A6C96000C2BBA /* ViewController.swift */ = {isa = PBXFileReference; fileEncoding = 4; lastKnownFileType = sourcecode.swift; path = ViewController.swift; sourceTree = "<group>"; };
		2D3623CD1F8A75AD000C2BBA /* UserDefaults.swift */ = {isa = PBXFileReference; lastKnownFileType = sourcecode.swift; path = UserDefaults.swift; sourceTree = "<group>"; };
		2D3623CF1F8A790D000C2BBA /* Controller.swift */ = {isa = PBXFileReference; lastKnownFileType = sourcecode.swift; path = Controller.swift; sourceTree = "<group>"; };
		2D3623D11F8A7BAC000C2BBA /* BootController.swift */ = {isa = PBXFileReference; lastKnownFileType = sourcecode.swift; path = BootController.swift; sourceTree = "<group>"; };
		2D846A561F750D2300FAB0C3 /* Template Projects.app */ = {isa = PBXFileReference; explicitFileType = wrapper.application; includeInIndex = 0; path = "Template Projects.app"; sourceTree = BUILT_PRODUCTS_DIR; };
		2D846A6D1F750DD700FAB0C3 /* Info.plist */ = {isa = PBXFileReference; fileEncoding = 4; lastKnownFileType = text.plist.xml; path = Info.plist; sourceTree = "<group>"; };
		2D846A711F750DD700FAB0C3 /* Assets.xcassets */ = {isa = PBXFileReference; lastKnownFileType = folder.assetcatalog; path = Assets.xcassets; sourceTree = "<group>"; };
		2D846A821F750DD700FAB0C3 /* AppDelegate.swift */ = {isa = PBXFileReference; fileEncoding = 4; lastKnownFileType = sourcecode.swift; path = AppDelegate.swift; sourceTree = "<group>"; };
		2D846A871F750EB900FAB0C3 /* Convenient.swift */ = {isa = PBXFileReference; fileEncoding = 4; lastKnownFileType = sourcecode.swift; path = Convenient.swift; sourceTree = "<group>"; };
		2D846A891F750F0F00FAB0C3 /* AppConstant.swift */ = {isa = PBXFileReference; lastKnownFileType = sourcecode.swift; path = AppConstant.swift; sourceTree = "<group>"; };
		2DA8AED21F78EBB400D47418 /* Support.swift */ = {isa = PBXFileReference; lastKnownFileType = sourcecode.swift; path = Support.swift; sourceTree = "<group>"; };
		2DA8AED51F78EBFF00D47418 /* Net.swift */ = {isa = PBXFileReference; lastKnownFileType = sourcecode.swift; path = Net.swift; sourceTree = "<group>"; };
		2DA8AED71F78ECF800D47418 /* Template Projects-Bridging-Header.h */ = {isa = PBXFileReference; lastKnownFileType = sourcecode.c.h; path = "Template Projects-Bridging-Header.h"; sourceTree = "<group>"; };
		BC8192CC828C0C259D51ACD8 /* Pods_Template_Projects.framework */ = {isa = PBXFileReference; explicitFileType = wrapper.framework; includeInIndex = 0; path = Pods_Template_Projects.framework; sourceTree = BUILT_PRODUCTS_DIR; };
		C73EA0AAC038DF2FD024A827 /* Pods-Template Projects.debug.xcconfig */ = {isa = PBXFileReference; includeInIndex = 1; lastKnownFileType = text.xcconfig; name = "Pods-Template Projects.debug.xcconfig"; path = "Pods/Target Support Files/Pods-Template Projects/Pods-Template Projects.debug.xcconfig"; sourceTree = "<group>"; };
/* End PBXFileReference section */

/* Begin PBXFrameworksBuildPhase section */
		2D846A531F750D2300FAB0C3 /* Frameworks */ = {
			isa = PBXFrameworksBuildPhase;
			buildActionMask = 2147483647;
			files = (
				F3FAA180EF6B998CDC97C953 /* Pods_Template_Projects.framework in Frameworks */,
			);
			runOnlyForDeploymentPostprocessing = 0;
		};
/* End PBXFrameworksBuildPhase section */

/* Begin PBXGroup section */
		03AA7511A5E9D2AEA198B0E1 /* Pods */ = {
			isa = PBXGroup;
			children = (
				C73EA0AAC038DF2FD024A827 /* Pods-Template Projects.debug.xcconfig */,
				065475A329515841E3D47900 /* Pods-Template Projects.release.xcconfig */,
			);
			name = Pods;
			sourceTree = "<group>";
		};
		2D3623C61F8A6C96000C2BBA /* Sections */ = {
			isa = PBXGroup;
			children = (
				2D3623D11F8A7BAC000C2BBA /* BootController.swift */,
				2D3623C91F8A6CA6000C2BBA /* Home */,
			);
			path = Sections;
			sourceTree = "<group>";
		};
		2D3623C91F8A6CA6000C2BBA /* Home */ = {
			isa = PBXGroup;
			children = (
				2D3623CA1F8A6CB4000C2BBA /* C */,
			);
			path = Home;
			sourceTree = "<group>";
		};
		2D3623CA1F8A6CB4000C2BBA /* C */ = {
			isa = PBXGroup;
			children = (
				2D3623C71F8A6C96000C2BBA /* ViewController.swift */,
			);
			path = C;
			sourceTree = "<group>";
		};
		2D846A4D1F750D2300FAB0C3 = {
			isa = PBXGroup;
			children = (
				2D846A581F750D2300FAB0C3 /* Template Projects */,
				2D846A571F750D2300FAB0C3 /* Products */,
				03AA7511A5E9D2AEA198B0E1 /* Pods */,
				802FED01470B997141A5797C /* Frameworks */,
			);
			sourceTree = "<group>";
		};
		2D846A571F750D2300FAB0C3 /* Products */ = {
			isa = PBXGroup;
			children = (
				2D846A561F750D2300FAB0C3 /* Template Projects.app */,
			);
			name = Products;
			sourceTree = "<group>";
		};
		2D846A581F750D2300FAB0C3 /* Template Projects */ = {
			isa = PBXGroup;
			children = (
				2D846A811F750DD700FAB0C3 /* AppDelegate */,
				2D846A741F750DD700FAB0C3 /* Classes */,
				2D846A6B1F750DD700FAB0C3 /* Support Files */,
			);
			path = "Template Projects";
			sourceTree = "<group>";
		};
		2D846A6B1F750DD700FAB0C3 /* Support Files */ = {
			isa = PBXGroup;
			children = (
				2D846A6C1F750DD700FAB0C3 /* Configuration */,
				2D846A6E1F750DD700FAB0C3 /* Resource */,
			);
			path = "Support Files";
			sourceTree = "<group>";
		};
		2D846A6C1F750DD700FAB0C3 /* Configuration */ = {
			isa = PBXGroup;
			children = (
				2DA8AED71F78ECF800D47418 /* Template Projects-Bridging-Header.h */,
				2D846A6D1F750DD700FAB0C3 /* Info.plist */,
			);
			path = Configuration;
			sourceTree = "<group>";
		};
		2D846A6E1F750DD700FAB0C3 /* Resource */ = {
			isa = PBXGroup;
			children = (
				2D846A6F1F750DD700FAB0C3 /* Fonts */,
				2D846A701F750DD700FAB0C3 /* Images */,
				2D846A721F750DD700FAB0C3 /* Sounds */,
				2D846A731F750DD700FAB0C3 /* Videos */,
			);
			path = Resource;
			sourceTree = "<group>";
		};
		2D846A6F1F750DD700FAB0C3 /* Fonts */ = {
			isa = PBXGroup;
			children = (
			);
			path = Fonts;
			sourceTree = "<group>";
		};
		2D846A701F750DD700FAB0C3 /* Images */ = {
			isa = PBXGroup;
			children = (
				2D846A711F750DD700FAB0C3 /* Assets.xcassets */,
			);
			path = Images;
			sourceTree = "<group>";
		};
		2D846A721F750DD700FAB0C3 /* Sounds */ = {
			isa = PBXGroup;
			children = (
			);
			path = Sounds;
			sourceTree = "<group>";
		};
		2D846A731F750DD700FAB0C3 /* Videos */ = {
			isa = PBXGroup;
			children = (
			);
			path = Videos;
			sourceTree = "<group>";
		};
		2D846A741F750DD700FAB0C3 /* Classes */ = {
			isa = PBXGroup;
			children = (
				2D846A751F750DD700FAB0C3 /* General */,
				2D846A7C1F750DD700FAB0C3 /* Helpers */,
				2D3623C61F8A6C96000C2BBA /* Sections */,
				2D846A7D1F750DD700FAB0C3 /* Macro */,
				2D846A801F750DD700FAB0C3 /* Vendors */,
			);
			path = Classes;
			sourceTree = "<group>";
		};
		2D846A751F750DD700FAB0C3 /* General */ = {
			isa = PBXGroup;
			children = (
				2D846A761F750DD700FAB0C3 /* Base */,
				2D846A771F750DD700FAB0C3 /* Categories */,
				2D846A781F750DD700FAB0C3 /* Core */,
				2D846A791F750DD700FAB0C3 /* Entities */,
				2D846A7A1F750DD700FAB0C3 /* Public */,
				2D846A7B1F750DD700FAB0C3 /* Views */,
			);
			path = General;
			sourceTree = "<group>";
		};
		2D846A761F750DD700FAB0C3 /* Base */ = {
			isa = PBXGroup;
			children = (
				2D3623CF1F8A790D000C2BBA /* Controller.swift */,
			);
			path = Base;
			sourceTree = "<group>";
		};
		2D846A771F750DD700FAB0C3 /* Categories */ = {
			isa = PBXGroup;
			children = (
			);
			path = Categories;
			sourceTree = "<group>";
		};
		2D846A781F750DD700FAB0C3 /* Core */ = {
			isa = PBXGroup;
			children = (
				2DA8AED41F78EBEF00D47418 /* Net */,
			);
			path = Core;
			sourceTree = "<group>";
		};
		2D846A791F750DD700FAB0C3 /* Entities */ = {
			isa = PBXGroup;
			children = (
			);
			path = Entities;
			sourceTree = "<group>";
		};
		2D846A7A1F750DD700FAB0C3 /* Public */ = {
			isa = PBXGroup;
			children = (
			);
			path = Public;
			sourceTree = "<group>";
		};
		2D846A7B1F750DD700FAB0C3 /* Views */ = {
			isa = PBXGroup;
			children = (
			);
			path = Views;
			sourceTree = "<group>";
		};
		2D846A7C1F750DD700FAB0C3 /* Helpers */ = {
			isa = PBXGroup;
			children = (
				2DA8AED21F78EBB400D47418 /* Support.swift */,
				2D3623CD1F8A75AD000C2BBA /* UserDefaults.swift */,
			);
			path = Helpers;
			sourceTree = "<group>";
		};
		2D846A7D1F750DD700FAB0C3 /* Macro */ = {
			isa = PBXGroup;
			children = (
				2D846A891F750F0F00FAB0C3 /* AppConstant.swift */,
				2D846A871F750EB900FAB0C3 /* Convenient.swift */,
			);
			path = Macro;
			sourceTree = "<group>";
		};
		2D846A801F750DD700FAB0C3 /* Vendors */ = {
			isa = PBXGroup;
			children = (
			);
			path = Vendors;
			sourceTree = "<group>";
		};
		2D846A811F750DD700FAB0C3 /* AppDelegate */ = {
			isa = PBXGroup;
			children = (
				2D846A821F750DD700FAB0C3 /* AppDelegate.swift */,
			);
			path = AppDelegate;
			sourceTree = "<group>";
		};
		2DA8AED41F78EBEF00D47418 /* Net */ = {
			isa = PBXGroup;
			children = (
				2DA8AED51F78EBFF00D47418 /* Net.swift */,
			);
			path = Net;
			sourceTree = "<group>";
		};
		802FED01470B997141A5797C /* Frameworks */ = {
			isa = PBXGroup;
			children = (
				BC8192CC828C0C259D51ACD8 /* Pods_Template_Projects.framework */,
			);
			name = Frameworks;
			sourceTree = "<group>";
		};
/* End PBXGroup section */

/* Begin PBXNativeTarget section */
		2D846A551F750D2300FAB0C3 /* Template Projects */ = {
			isa = PBXNativeTarget;
			buildConfigurationList = 2D846A681F750D2300FAB0C3 /* Build configuration list for PBXNativeTarget "Template Projects" */;
			buildPhases = (
				DDE37DB84BA64837DB6A2828 /* [CP] Check Pods Manifest.lock */,
				2D846A521F750D2300FAB0C3 /* Sources */,
				2D846A531F750D2300FAB0C3 /* Frameworks */,
				2D846A541F750D2300FAB0C3 /* Resources */,
				48E6723287452E005DB94AB9 /* [CP] Embed Pods Frameworks */,
				F2CD53F31B2D5B5AC1CC34F2 /* [CP] Copy Pods Resources */,
			);
			buildRules = (
			);
			dependencies = (
			);
			name = "Template Projects";
			productName = "Template Projects";
			productReference = 2D846A561F750D2300FAB0C3 /* Template Projects.app */;
			productType = "com.apple.product-type.application";
		};
/* End PBXNativeTarget section */

/* Begin PBXProject section */
		2D846A4E1F750D2300FAB0C3 /* Project object */ = {
			isa = PBXProject;
			attributes = {
				LastSwiftUpdateCheck = 0900;
				LastUpgradeCheck = 0900;
				ORGANIZATIONNAME = "Beijing Zhijian Internet Technology Co. Ltd";
				TargetAttributes = {
					2D846A551F750D2300FAB0C3 = {
						CreatedOnToolsVersion = 9.0;
						LastSwiftMigration = 0900;
						ProvisioningStyle = Automatic;
					};
				};
			};
			buildConfigurationList = 2D846A511F750D2300FAB0C3 /* Build configuration list for PBXProject "Template Projects" */;
			compatibilityVersion = "Xcode 8.0";
			developmentRegion = en;
			hasScannedForEncodings = 0;
			knownRegions = (
				en,
				Base,
			);
			mainGroup = 2D846A4D1F750D2300FAB0C3;
			productRefGroup = 2D846A571F750D2300FAB0C3 /* Products */;
			projectDirPath = "";
			projectRoot = "";
			targets = (
				2D846A551F750D2300FAB0C3 /* Template Projects */,
			);
		};
/* End PBXProject section */

/* Begin PBXResourcesBuildPhase section */
		2D846A541F750D2300FAB0C3 /* Resources */ = {
			isa = PBXResourcesBuildPhase;
			buildActionMask = 2147483647;
			files = (
			);
			runOnlyForDeploymentPostprocessing = 0;
		};
/* End PBXResourcesBuildPhase section */

/* Begin PBXShellScriptBuildPhase section */
		48E6723287452E005DB94AB9 /* [CP] Embed Pods Frameworks */ = {
			isa = PBXShellScriptBuildPhase;
			buildActionMask = 2147483647;
			files = (
			);
			inputPaths = (
				"${SRCROOT}/Pods/Target Support Files/Pods-Template Projects/Pods-Template Projects-frameworks.sh",
				"${BUILT_PRODUCTS_DIR}/CryptoSwift/CryptoSwift.framework",
				"${BUILT_PRODUCTS_DIR}/IQKeyboardManagerSwift/IQKeyboardManagerSwift.framework",
				"${BUILT_PRODUCTS_DIR}/Kingfisher/Kingfisher.framework",
				"${BUILT_PRODUCTS_DIR}/Reachability/Reachability.framework",
				"${BUILT_PRODUCTS_DIR}/SnapKit/SnapKit.framework",
			);
			name = "[CP] Embed Pods Frameworks";
			outputPaths = (
				"${TARGET_BUILD_DIR}/${FRAMEWORKS_FOLDER_PATH}/CryptoSwift.framework",
				"${TARGET_BUILD_DIR}/${FRAMEWORKS_FOLDER_PATH}/IQKeyboardManagerSwift.framework",
				"${TARGET_BUILD_DIR}/${FRAMEWORKS_FOLDER_PATH}/Kingfisher.framework",
				"${TARGET_BUILD_DIR}/${FRAMEWORKS_FOLDER_PATH}/Reachability.framework",
				"${TARGET_BUILD_DIR}/${FRAMEWORKS_FOLDER_PATH}/SnapKit.framework",
			);
			runOnlyForDeploymentPostprocessing = 0;
			shellPath = /bin/sh;
			shellScript = "\"${SRCROOT}/Pods/Target Support Files/Pods-Template Projects/Pods-Template Projects-frameworks.sh\"\n";
			showEnvVarsInLog = 0;
		};
		DDE37DB84BA64837DB6A2828 /* [CP] Check Pods Manifest.lock */ = {
			isa = PBXShellScriptBuildPhase;
			buildActionMask = 2147483647;
			files = (
			);
			inputPaths = (
				"${PODS_PODFILE_DIR_PATH}/Podfile.lock",
				"${PODS_ROOT}/Manifest.lock",
			);
			name = "[CP] Check Pods Manifest.lock";
			outputPaths = (
				"$(DERIVED_FILE_DIR)/Pods-Template Projects-checkManifestLockResult.txt",
			);
			runOnlyForDeploymentPostprocessing = 0;
			shellPath = /bin/sh;
			shellScript = "diff \"${PODS_PODFILE_DIR_PATH}/Podfile.lock\" \"${PODS_ROOT}/Manifest.lock\" > /dev/null\nif [ $? != 0 ] ; then\n    # print error to STDERR\n    echo \"error: The sandbox is not in sync with the Podfile.lock. Run 'pod install' or update your CocoaPods installation.\" >&2\n    exit 1\nfi\n# This output is used by Xcode 'outputs' to avoid re-running this script phase.\necho \"SUCCESS\" > \"${SCRIPT_OUTPUT_FILE_0}\"\n";
			showEnvVarsInLog = 0;
		};
		F2CD53F31B2D5B5AC1CC34F2 /* [CP] Copy Pods Resources */ = {
			isa = PBXShellScriptBuildPhase;
			buildActionMask = 2147483647;
			files = (
			);
			inputPaths = (
			);
			name = "[CP] Copy Pods Resources";
			outputPaths = (
			);
			runOnlyForDeploymentPostprocessing = 0;
			shellPath = /bin/sh;
			shellScript = "\"${SRCROOT}/Pods/Target Support Files/Pods-Template Projects/Pods-Template Projects-resources.sh\"\n";
			showEnvVarsInLog = 0;
		};
/* End PBXShellScriptBuildPhase section */

/* Begin PBXSourcesBuildPhase section */
		2D846A521F750D2300FAB0C3 /* Sources */ = {
			isa = PBXSourcesBuildPhase;
			buildActionMask = 2147483647;
			files = (
				2D3623C81F8A6C96000C2BBA /* ViewController.swift in Sources */,
				2D846A861F750DD700FAB0C3 /* AppDelegate.swift in Sources */,
				2DA8AED61F78EBFF00D47418 /* Net.swift in Sources */,
				2D846A881F750EB900FAB0C3 /* Convenient.swift in Sources */,
				2DA8AED31F78EBB400D47418 /* Support.swift in Sources */,
				2D3623D21F8A7BAC000C2BBA /* BootController.swift in Sources */,
				2D3623D01F8A790D000C2BBA /* Controller.swift in Sources */,
				2D3623CE1F8A75AD000C2BBA /* UserDefaults.swift in Sources */,
				2D846A8A1F750F1000FAB0C3 /* AppConstant.swift in Sources */,
			);
			runOnlyForDeploymentPostprocessing = 0;
		};
/* End PBXSourcesBuildPhase section */

/* Begin XCBuildConfiguration section */
		2D846A661F750D2300FAB0C3 /* Debug */ = {
			isa = XCBuildConfiguration;
			buildSettings = {
				ALWAYS_SEARCH_USER_PATHS = NO;
				CLANG_ANALYZER_NONNULL = YES;
				CLANG_ANALYZER_NUMBER_OBJECT_CONVERSION = YES_AGGRESSIVE;
				CLANG_CXX_LANGUAGE_STANDARD = "gnu++14";
				CLANG_CXX_LIBRARY = "libc++";
				CLANG_ENABLE_MODULES = YES;
				CLANG_ENABLE_OBJC_ARC = YES;
				CLANG_WARN_BLOCK_CAPTURE_AUTORELEASING = YES;
				CLANG_WARN_BOOL_CONVERSION = YES;
				CLANG_WARN_COMMA = YES;
				CLANG_WARN_CONSTANT_CONVERSION = YES;
				CLANG_WARN_DIRECT_OBJC_ISA_USAGE = YES_ERROR;
				CLANG_WARN_DOCUMENTATION_COMMENTS = YES;
				CLANG_WARN_EMPTY_BODY = YES;
				CLANG_WARN_ENUM_CONVERSION = YES;
				CLANG_WARN_INFINITE_RECURSION = YES;
				CLANG_WARN_INT_CONVERSION = YES;
				CLANG_WARN_NON_LITERAL_NULL_CONVERSION = YES;
				CLANG_WARN_OBJC_LITERAL_CONVERSION = YES;
				CLANG_WARN_OBJC_ROOT_CLASS = YES_ERROR;
				CLANG_WARN_RANGE_LOOP_ANALYSIS = YES;
				CLANG_WARN_STRICT_PROTOTYPES = YES;
				CLANG_WARN_SUSPICIOUS_MOVE = YES;
				CLANG_WARN_UNGUARDED_AVAILABILITY = YES_AGGRESSIVE;
				CLANG_WARN_UNREACHABLE_CODE = YES;
				CLANG_WARN__DUPLICATE_METHOD_MATCH = YES;
				CODE_SIGN_IDENTITY = "iPhone Developer";
				COPY_PHASE_STRIP = NO;
				DEBUG_INFORMATION_FORMAT = dwarf;
				ENABLE_STRICT_OBJC_MSGSEND = YES;
				ENABLE_TESTABILITY = YES;
				GCC_C_LANGUAGE_STANDARD = gnu11;
				GCC_DYNAMIC_NO_PIC = NO;
				GCC_NO_COMMON_BLOCKS = YES;
				GCC_OPTIMIZATION_LEVEL = 0;
				GCC_PREPROCESSOR_DEFINITIONS = (
					"DEBUG=1",
					"$(inherited)",
				);
				GCC_WARN_64_TO_32_BIT_CONVERSION = YES;
				GCC_WARN_ABOUT_RETURN_TYPE = YES_ERROR;
				GCC_WARN_UNDECLARED_SELECTOR = YES;
				GCC_WARN_UNINITIALIZED_AUTOS = YES_AGGRESSIVE;
				GCC_WARN_UNUSED_FUNCTION = YES;
				GCC_WARN_UNUSED_VARIABLE = YES;
				IPHONEOS_DEPLOYMENT_TARGET = 11.0;
				MTL_ENABLE_DEBUG_INFO = YES;
				ONLY_ACTIVE_ARCH = YES;
				SDKROOT = iphoneos;
				SWIFT_ACTIVE_COMPILATION_CONDITIONS = DEBUG;
				SWIFT_OPTIMIZATION_LEVEL = "-Onone";
			};
			name = Debug;
		};
		2D846A671F750D2300FAB0C3 /* Release */ = {
			isa = XCBuildConfiguration;
			buildSettings = {
				ALWAYS_SEARCH_USER_PATHS = NO;
				CLANG_ANALYZER_NONNULL = YES;
				CLANG_ANALYZER_NUMBER_OBJECT_CONVERSION = YES_AGGRESSIVE;
				CLANG_CXX_LANGUAGE_STANDARD = "gnu++14";
				CLANG_CXX_LIBRARY = "libc++";
				CLANG_ENABLE_MODULES = YES;
				CLANG_ENABLE_OBJC_ARC = YES;
				CLANG_WARN_BLOCK_CAPTURE_AUTORELEASING = YES;
				CLANG_WARN_BOOL_CONVERSION = YES;
				CLANG_WARN_COMMA = YES;
				CLANG_WARN_CONSTANT_CONVERSION = YES;
				CLANG_WARN_DIRECT_OBJC_ISA_USAGE = YES_ERROR;
				CLANG_WARN_DOCUMENTATION_COMMENTS = YES;
				CLANG_WARN_EMPTY_BODY = YES;
				CLANG_WARN_ENUM_CONVERSION = YES;
				CLANG_WARN_INFINITE_RECURSION = YES;
				CLANG_WARN_INT_CONVERSION = YES;
				CLANG_WARN_NON_LITERAL_NULL_CONVERSION = YES;
				CLANG_WARN_OBJC_LITERAL_CONVERSION = YES;
				CLANG_WARN_OBJC_ROOT_CLASS = YES_ERROR;
				CLANG_WARN_RANGE_LOOP_ANALYSIS = YES;
				CLANG_WARN_STRICT_PROTOTYPES = YES;
				CLANG_WARN_SUSPICIOUS_MOVE = YES;
				CLANG_WARN_UNGUARDED_AVAILABILITY = YES_AGGRESSIVE;
				CLANG_WARN_UNREACHABLE_CODE = YES;
				CLANG_WARN__DUPLICATE_METHOD_MATCH = YES;
				CODE_SIGN_IDENTITY = "iPhone Developer";
				COPY_PHASE_STRIP = NO;
				DEBUG_INFORMATION_FORMAT = "dwarf-with-dsym";
				ENABLE_NS_ASSERTIONS = NO;
				ENABLE_STRICT_OBJC_MSGSEND = YES;
				GCC_C_LANGUAGE_STANDARD = gnu11;
				GCC_NO_COMMON_BLOCKS = YES;
				GCC_WARN_64_TO_32_BIT_CONVERSION = YES;
				GCC_WARN_ABOUT_RETURN_TYPE = YES_ERROR;
				GCC_WARN_UNDECLARED_SELECTOR = YES;
				GCC_WARN_UNINITIALIZED_AUTOS = YES_AGGRESSIVE;
				GCC_WARN_UNUSED_FUNCTION = YES;
				GCC_WARN_UNUSED_VARIABLE = YES;
				IPHONEOS_DEPLOYMENT_TARGET = 11.0;
				MTL_ENABLE_DEBUG_INFO = NO;
				SDKROOT = iphoneos;
				SWIFT_OPTIMIZATION_LEVEL = "-Owholemodule";
				VALIDATE_PRODUCT = YES;
			};
			name = Release;
		};
		2D846A691F750D2300FAB0C3 /* Debug */ = {
			isa = XCBuildConfiguration;
			baseConfigurationReference = C73EA0AAC038DF2FD024A827 /* Pods-Template Projects.debug.xcconfig */;
			buildSettings = {
				ASSETCATALOG_COMPILER_APPICON_NAME = AppIcon;
				CLANG_ENABLE_MODULES = YES;
				"CODE_SIGN_IDENTITY[sdk=iphoneos*]" = "iPhone Developer";
				CODE_SIGN_STYLE = Automatic;
				DEVELOPMENT_TEAM = XC769V9DQQ;
				INFOPLIST_FILE = "$(SRCROOT)/Template Projects/Support Files/Configuration/Info.plist";
				IPHONEOS_DEPLOYMENT_TARGET = 8.0;
				LD_RUNPATH_SEARCH_PATHS = "$(inherited) @executable_path/Frameworks";
				PRODUCT_BUNDLE_IDENTIFIER = com.Zhijian.Swift;
				PRODUCT_NAME = "$(TARGET_NAME)";
				PROVISIONING_PROFILE_SPECIFIER = "";
				SWIFT_OBJC_BRIDGING_HEADER = "Template Projects/Support Files/Configuration/Template Projects-Bridging-Header.h";
				SWIFT_OPTIMIZATION_LEVEL = "-Onone";
				SWIFT_VERSION = 4.0;
				TARGETED_DEVICE_FAMILY = 1;
				USER_HEADER_SEARCH_PATHS = "${SRCROOT}/**";
			};
			name = Debug;
		};
		2D846A6A1F750D2300FAB0C3 /* Release */ = {
			isa = XCBuildConfiguration;
			baseConfigurationReference = 065475A329515841E3D47900 /* Pods-Template Projects.release.xcconfig */;
			buildSettings = {
				ASSETCATALOG_COMPILER_APPICON_NAME = AppIcon;
				CLANG_ENABLE_MODULES = YES;
				"CODE_SIGN_IDENTITY[sdk=iphoneos*]" = "iPhone Developer";
				CODE_SIGN_STYLE = Automatic;
				DEVELOPMENT_TEAM = XC769V9DQQ;
				INFOPLIST_FILE = "$(SRCROOT)/Template Projects/Support Files/Configuration/Info.plist";
				IPHONEOS_DEPLOYMENT_TARGET = 8.0;
				LD_RUNPATH_SEARCH_PATHS = "$(inherited) @executable_path/Frameworks";
				PRODUCT_BUNDLE_IDENTIFIER = com.Zhijian.Swift;
				PRODUCT_NAME = "$(TARGET_NAME)";
				PROVISIONING_PROFILE_SPECIFIER = "";
				SWIFT_OBJC_BRIDGING_HEADER = "Template Projects/Support Files/Configuration/Template Projects-Bridging-Header.h";
				SWIFT_VERSION = 4.0;
				TARGETED_DEVICE_FAMILY = 1;
				USER_HEADER_SEARCH_PATHS = "${SRCROOT}/**";
			};
			name = Release;
		};
/* End XCBuildConfiguration section */

/* Begin XCConfigurationList section */
		2D846A511F750D2300FAB0C3 /* Build configuration list for PBXProject "Template Projects" */ = {
			isa = XCConfigurationList;
			buildConfigurations = (
				2D846A661F750D2300FAB0C3 /* Debug */,
				2D846A671F750D2300FAB0C3 /* Release */,
			);
			defaultConfigurationIsVisible = 0;
			defaultConfigurationName = Release;
		};
		2D846A681F750D2300FAB0C3 /* Build configuration list for PBXNativeTarget "Template Projects" */ = {
			isa = XCConfigurationList;
			buildConfigurations = (
				2D846A691F750D2300FAB0C3 /* Debug */,
				2D846A6A1F750D2300FAB0C3 /* Release */,
			);
			defaultConfigurationIsVisible = 0;
			defaultConfigurationName = Release;
		};
/* End XCConfigurationList section */
	};
	rootObject = 2D846A4E1F750D2300FAB0C3 /* Project object */;
}
